
Microsoft Visual Studio Solution File, Format Version 12.00
# Visual Studio Version 17
VisualStudioVersion = 17.0.31903.59
MinimumVisualStudioVersion = 10.0.40219.1
Project("{9A19103F-16F7-4668-BE54-9A1E7A4F7556}") = "Volar.Core", "src\Volar.Core\Volar.Core.csproj", "{921A88EC-80D1-4942-A025-A3E4AC13E260}"
EndProject
Project("{9A19103F-16F7-4668-BE54-9A1E7A4F7556}") = "Volar.Domain", "src\Volar.Domain\Volar.Domain.csproj", "{085A66AB-DEAA-4A68-9125-A8355F30620F}"
EndProject
Project("{9A19103F-16F7-4668-BE54-9A1E7A4F7556}") = "Volar.Data", "src\Volar.Data\Volar.Data.csproj", "{0D5BA6CC-3EB2-43A0-B5B0-64783C38A684}"
EndProject
Project("{9A19103F-16F7-4668-BE54-9A1E7A4F7556}") = "Volar.Speech", "src\Volar.Speech\Volar.Speech.csproj", "{37DF5F0A-C1A8-45FE-8D43-534D6BD8E0F3}"
EndProject
Project("{9A19103F-16F7-4668-BE54-9A1E7A4F7556}") = "Volar.Parsing", "src\Volar.Parsing\Volar.Parsing.csproj", "{3FD47A33-55D6-4A8C-9F0C-AB24A4BD1125}"
EndProject
Project("{9A19103F-16F7-4668-BE54-9A1E7A4F7556}") = "Volar.Reminders", "src\Volar.Reminders\Volar.Reminders.csproj", "{2F8E4E75-2CC8-43D7-A174-DD5A9A299F19}"
EndProject
Project("{9A19103F-16F7-4668-BE54-9A1E7A4F7556}") = "Volar.Orchestrator", "src\Volar.Orchestrator\Volar.Orchestrator.csproj", "{563F4735-44A4-4F61-ADD1-14157523E39A}"
EndProject
Project("{9A19103F-16F7-4668-BE54-9A1E7A4F7556}") = "Volar.Core.Tests", "tests\Volar.Core.Tests\Volar.Core.Tests.csproj", "{86B14AAE-DFD6-4E80-B746-2C9C49DD9E24}"
EndProject
Project("{9A19103F-16F7-4668-BE54-9A1E7A4F7556}") = "Volar.Domain.Tests", "tests\Volar.Domain.Tests\Volar.Domain.Tests.csproj", "{46395F90-2A2A-43EF-B845-90D8F5F1F1BD}"
EndProject
Project("{9A19103F-16F7-4668-BE54-9A1E7A4F7556}") = "Volar.Reminders.Tests", "tests\Volar.Reminders.Tests\Volar.Reminders.Tests.csproj", "{E8DD65A3-78FC-494A-B512-CD0934303352}"
EndProject
Project("{9A19103F-16F7-4668-BE54-9A1E7A4F7556}") = "Volar.Speech.Tests", "tests\Volar.Speech.Tests\Volar.Speech.Tests.csproj", "{6A91384C-36B6-4422-95D7-E7F161B7BA93}"
EndProject
Project("{2150E333-8FDC-42A3-9474-1A3956D46DE8}") = "tests", "tests", "{0AB3BF05-4346-4AA6-1389-037BE0695223}"
EndProject
Project("{FAE04EC0-301F-11D3-BF4B-00C04F79EFBC}") = "Volar.Data.Tests", "tests\Volar.Data.Tests\Volar.Data.Tests.csproj", "{8D8CBAB0-F4D1-45A2-AE81-70FD087987D9}"
EndProject
Project("{2150E333-8FDC-42A3-9474-1A3956D46DE8}") = "src", "src", "{827E0CD3-B72D-47B6-A68D-7590B98EB39B}"
EndProject
Project("{FAE04EC0-301F-11D3-BF4B-00C04F79EFBC}") = "Volar.Parsing.Tests", "tests\Volar.Parsing.Tests\Volar.Parsing.Tests.csproj", "{8E20E791-961C-4BF5-A2AD-4CC27A4C8CB2}"
EndProject
Project("{FAE04EC0-301F-11D3-BF4B-00C04F79EFBC}") = "Volar.Orchestrator.Tests", "tests\Volar.Orchestrator.Tests\Volar.Orchestrator.Tests.csproj", "{7AA4F7F7-A424-4D60-B4E9-D3EE249B58AD}"
EndProject
Project("{FAE04EC0-301F-11D3-BF4B-00C04F79EFBC}") = "Volar.App", "src\Volar.App\Volar.App.csproj", "{AD95D01E-1764-4CE2-B2B0-23C09151BF4E}"
EndProject
Global
	GlobalSection(SolutionConfigurationPlatforms) = preSolution
		Debug|Any CPU = Debug|Any CPU
		Debug|x64 = Debug|x64
		Debug|x86 = Debug|x86
		Release|Any CPU = Release|Any CPU
		Release|x64 = Release|x64
		Release|x86 = Release|x86
	EndGlobalSection
	GlobalSection(ProjectConfigurationPlatforms) = postSolution
		{921A88EC-80D1-4942-A025-A3E4AC13E260}.Debug|Any CPU.ActiveCfg = Debug|Any CPU
		{921A88EC-80D1-4942-A025-A3E4AC13E260}.Debug|Any CPU.Build.0 = Debug|Any CPU
		{921A88EC-80D1-4942-A025-A3E4AC13E260}.Debug|x64.ActiveCfg = Debug|Any CPU
		{921A88EC-80D1-4942-A025-A3E4AC13E260}.Debug|x64.Build.0 = Debug|Any CPU
		{921A88EC-80D1-4942-A025-A3E4AC13E260}.Debug|x86.ActiveCfg = Debug|Any CPU
		{921A88EC-80D1-4942-A025-A3E4AC13E260}.Debug|x86.Build.0 = Debug|Any CPU
		{921A88EC-80D1-4942-A025-A3E4AC13E260}.Release|Any CPU.ActiveCfg = Release|Any CPU
		{921A88EC-80D1-4942-A025-A3E4AC13E260}.Release|Any CPU.Build.0 = Release|Any CPU
		{921A88EC-80D1-4942-A025-A3E4AC13E260}.Release|x64.ActiveCfg = Release|Any CPU
		{921A88EC-80D1-4942-A025-A3E4AC13E260}.Release|x64.Build.0 = Release|Any CPU
		{921A88EC-80D1-4942-A025-A3E4AC13E260}.Release|x86.ActiveCfg = Release|Any CPU
		{921A88EC-80D1-4942-A025-A3E4AC13E260}.Release|x86.Build.0 = Release|Any CPU
		{085A66AB-DEAA-4A68-9125-A8355F30620F}.Debug|Any CPU.ActiveCfg = Debug|Any CPU
		{085A66AB-DEAA-4A68-9125-A8355F30620F}.Debug|Any CPU.Build.0 = Debug|Any CPU
		{085A66AB-DEAA-4A68-9125-A8355F30620F}.Debug|x64.ActiveCfg = Debug|Any CPU
		{085A66AB-DEAA-4A68-9125-A8355F30620F}.Debug|x64.Build.0 = Debug|Any CPU
		{085A66AB-DEAA-4A68-9125-A8355F30620F}.Debug|x86.ActiveCfg = Debug|Any CPU
		{085A66AB-DEAA-4A68-9125-A8355F30620F}.Debug|x86.Build.0 = Debug|Any CPU
		{085A66AB-DEAA-4A68-9125-A8355F30620F}.Release|Any CPU.ActiveCfg = Release|Any CPU
		{085A66AB-DEAA-4A68-9125-A8355F30620F}.Release|Any CPU.Build.0 = Release|Any CPU
		{085A66AB-DEAA-4A68-9125-A8355F30620F}.Release|x64.ActiveCfg = Release|Any CPU
		{085A66AB-DEAA-4A68-9125-A8355F30620F}.Release|x64.Build.0 = Release|Any CPU
		{085A66AB-DEAA-4A68-9125-A8355F30620F}.Release|x86.ActiveCfg = Release|Any CPU
		{085A66AB-DEAA-4A68-9125-A8355F30620F}.Release|x86.Build.0 = Release|Any CPU
		{0D5BA6CC-3EB2-43A0-B5B0-64783C38A684}.Debug|Any CPU.ActiveCfg = Debug|Any CPU
		{0D5BA6CC-3EB2-43A0-B5B0-64783C38A684}.Debug|Any CPU.Build.0 = Debug|Any CPU
		{0D5BA6CC-3EB2-43A0-B5B0-64783C38A684}.Debug|x64.ActiveCfg = Debug|Any CPU
		{0D5BA6CC-3EB2-43A0-B5B0-64783C38A684}.Debug|x64.Build.0 = Debug|Any CPU
		{0D5BA6CC-3EB2-43A0-B5B0-64783C38A684}.Debug|x86.ActiveCfg = Debug|Any CPU
		{0D5BA6CC-3EB2-43A0-B5B0-64783C38A684}.Debug|x86.Build.0 = Debug|Any CPU
		{0D5BA6CC-3EB2-43A0-B5B0-64783C38A684}.Release|Any CPU.ActiveCfg = Release|Any CPU
		{0D5BA6CC-3EB2-43A0-B5B0-64783C38A684}.Release|Any CPU.Build.0 = Release|Any CPU
		{0D5BA6CC-3EB2-43A0-B5B0-64783C38A684}.Release|x64.ActiveCfg = Release|Any CPU
		{0D5BA6CC-3EB2-43A0-B5B0-64783C38A684}.Release|x64.Build.0 = Release|Any CPU
		{0D5BA6CC-3EB2-43A0-B5B0-64783C38A684}.Release|x86.ActiveCfg = Release|Any CPU
		{0D5BA6CC-3EB2-43A0-B5B0-64783C38A684}.Release|x86.Build.0 = Release|Any CPU
		{37DF5F0A-C1A8-45FE-8D43-534D6BD8E0F3}.Debug|Any CPU.ActiveCfg = Debug|Any CPU
		{37DF5F0A-C1A8-45FE-8D43-534D6BD8E0F3}.Debug|Any CPU.Build.0 = Debug|Any CPU
		{37DF5F0A-C1A8-45FE-8D43-534D6BD8E0F3}.Debug|x64.ActiveCfg = Debug|Any CPU
		{37DF5F0A-C1A8-45FE-8D43-534D6BD8E0F3}.Debug|x64.Build.0 = Debug|Any CPU
		{37DF5F0A-C1A8-45FE-8D43-534D6BD8E0F3}.Debug|x86.ActiveCfg = Debug|Any CPU
		{37DF5F0A-C1A8-45FE-8D43-534D6BD8E0F3}.Debug|x86.Build.0 = Debug|Any CPU
		{37DF5F0A-C1A8-45FE-8D43-534D6BD8E0F3}.Release|Any CPU.ActiveCfg = Release|Any CPU
		{37DF5F0A-C1A8-45FE-8D43-534D6BD8E0F3}.Release|Any CPU.Build.0 = Release|Any CPU
		{37DF5F0A-C1A8-45FE-8D43-534D6BD8E0F3}.Release|x64.ActiveCfg = Release|Any CPU
		{37DF5F0A-C1A8-45FE-8D43-534D6BD8E0F3}.Release|x64.Build.0 = Release|Any CPU
		{37DF5F0A-C1A8-45FE-8D43-534D6BD8E0F3}.Release|x86.ActiveCfg = Release|Any CPU
		{37DF5F0A-C1A8-45FE-8D43-534D6BD8E0F3}.Release|x86.Build.0 = Release|Any CPU
		{3FD47A33-55D6-4A8C-9F0C-AB24A4BD1125}.Debug|Any CPU.ActiveCfg = Debug|Any CPU
		{3FD47A33-55D6-4A8C-9F0C-AB24A4BD1125}.Debug|Any CPU.Build.0 = Debug|Any CPU
		{3FD47A33-55D6-4A8C-9F0C-AB24A4BD1125}.Debug|x64.ActiveCfg = Debug|Any CPU
		{3FD47A33-55D6-4A8C-9F0C-AB24A4BD1125}.Debug|x64.Build.0 = Debug|Any CPU
		{3FD47A33-55D6-4A8C-9F0C-AB24A4BD1125}.Debug|x86.ActiveCfg = Debug|Any CPU
		{3FD47A33-55D6-4A8C-9F0C-AB24A4BD1125}.Debug|x86.Build.0 = Debug|Any CPU
		{3FD47A33-55D6-4A8C-9F0C-AB24A4BD1125}.Release|Any CPU.ActiveCfg = Release|Any CPU
		{3FD47A33-55D6-4A8C-9F0C-AB24A4BD1125}.Release|Any CPU.Build.0 = Release|Any CPU
		{3FD47A33-55D6-4A8C-9F0C-AB24A4BD1125}.Release|x64.ActiveCfg = Release|Any CPU
		{3FD47A33-55D6-4A8C-9F0C-AB24A4BD1125}.Release|x64.Build.0 = Release|Any CPU
		{3FD47A33-55D6-4A8C-9F0C-AB24A4BD1125}.Release|x86.ActiveCfg = Release|Any CPU
		{3FD47A33-55D6-4A8C-9F0C-AB24A4BD1125}.Release|x86.Build.0 = Release|Any CPU
		{2F8E4E75-2CC8-43D7-A174-DD5A9A299F19}.Debug|Any CPU.ActiveCfg = Debug|Any CPU
		{2F8E4E75-2CC8-43D7-A174-DD5A9A299F19}.Debug|Any CPU.Build.0 = Debug|Any CPU
		{2F8E4E75-2CC8-43D7-A174-DD5A9A299F19}.Debug|x64.ActiveCfg = Debug|Any CPU
		{2F8E4E75-2CC8-43D7-A174-DD5A9A299F19}.Debug|x64.Build.0 = Debug|Any CPU
		{2F8E4E75-2CC8-43D7-A174-DD5A9A299F19}.Debug|x86.ActiveCfg = Debug|Any CPU
		{2F8E4E75-2CC8-43D7-A174-DD5A9A299F19}.Debug|x86.Build.0 = Debug|Any CPU
		{2F8E4E75-2CC8-43D7-A174-DD5A9A299F19}.Release|Any CPU.ActiveCfg = Release|Any CPU
		{2F8E4E75-2CC8-43D7-A174-DD5A9A299F19}.Release|Any CPU.Build.0 = Release|Any CPU
		{2F8E4E75-2CC8-43D7-A174-DD5A9A299F19}.Release|x64.ActiveCfg = Release|Any CPU
		{2F8E4E75-2CC8-43D7-A174-DD5A9A299F19}.Release|x64.Build.0 = Release|Any CPU
		{2F8E4E75-2CC8-43D7-A174-DD5A9A299F19}.Release|x86.ActiveCfg = Release|Any CPU
		{2F8E4E75-2CC8-43D7-A174-DD5A9A299F19}.Release|x86.Build.0 = Release|Any CPU
		{563F4735-44A4-4F61-ADD1-14157523E39A}.Debug|Any CPU.ActiveCfg = Debug|Any CPU
		{563F4735-44A4-4F61-ADD1-14157523E39A}.Debug|Any CPU.Build.0 = Debug|Any CPU
		{563F4735-44A4-4F61-ADD1-14157523E39A}.Debug|x64.ActiveCfg = Debug|Any CPU
		{563F4735-44A4-4F61-ADD1-14157523E39A}.Debug|x64.Build.0 = Debug|Any CPU
		{563F4735-44A4-4F61-ADD1-14157523E39A}.Debug|x86.ActiveCfg = Debug|Any CPU
		{563F4735-44A4-4F61-ADD1-14157523E39A}.Debug|x86.Build.0 = Debug|Any CPU
		{563F4735-44A4-4F61-ADD1-14157523E39A}.Release|Any CPU.ActiveCfg = Release|Any CPU
		{563F4735-44A4-4F61-ADD1-14157523E39A}.Release|Any CPU.Build.0 = Release|Any CPU
		{563F4735-44A4-4F61-ADD1-14157523E39A}.Release|x64.ActiveCfg = Release|Any CPU
		{563F4735-44A4-4F61-ADD1-14157523E39A}.Release|x64.Build.0 = Release|Any CPU
		{563F4735-44A4-4F61-ADD1-14157523E39A}.Release|x86.ActiveCfg = Release|Any CPU
		{563F4735-44A4-4F61-ADD1-14157523E39A}.Release|x86.Build.0 = Release|Any CPU
		{86B14AAE-DFD6-4E80-B746-2C9C49DD9E24}.Debug|Any CPU.ActiveCfg = Debug|Any CPU
		{86B14AAE-DFD6-4E80-B746-2C9C49DD9E24}.Debug|Any CPU.Build.0 = Debug|Any CPU
		{86B14AAE-DFD6-4E80-B746-2C9C49DD9E24}.Debug|x64.ActiveCfg = Debug|Any CPU
		{86B14AAE-DFD6-4E80-B746-2C9C49DD9E24}.Debug|x64.Build.0 = Debug|Any CPU
		{86B14AAE-DFD6-4E80-B746-2C9C49DD9E24}.Debug|x86.ActiveCfg = Debug|Any CPU
		{86B14AAE-DFD6-4E80-B746-2C9C49DD9E24}.Debug|x86.Build.0 = Debug|Any CPU
		{86B14AAE-DFD6-4E80-B746-2C9C49DD9E24}.Release|Any CPU.ActiveCfg = Release|Any CPU
		{86B14AAE-DFD6-4E80-B746-2C9C49DD9E24}.Release|Any CPU.Build.0 = Release|Any CPU
		{86B14AAE-DFD6-4E80-B746-2C9C49DD9E24}.Release|x64.ActiveCfg = Release|Any CPU
		{86B14AAE-DFD6-4E80-B746-2C9C49DD9E24}.Release|x64.Build.0 = Release|Any CPU
		{86B14AAE-DFD6-4E80-B746-2C9C49DD9E24}.Release|x86.ActiveCfg = Release|Any CPU
		{86B14AAE-DFD6-4E80-B746-2C9C49DD9E24}.Release|x86.Build.0 = Release|Any CPU
		{46395F90-2A2A-43EF-B845-90D8F5F1F1BD}.Debug|Any CPU.ActiveCfg = Debug|Any CPU
		{46395F90-2A2A-43EF-B845-90D8F5F1F1BD}.Debug|Any CPU.Build.0 = Debug|Any CPU
		{46395F90-2A2A-43EF-B845-90D8F5F1F1BD}.Debug|x64.ActiveCfg = Debug|Any CPU
		{46395F90-2A2A-43EF-B845-90D8F5F1F1BD}.Debug|x64.Build.0 = Debug|Any CPU
		{46395F90-2A2A-43EF-B845-90D8F5F1F1BD}.Debug|x86.ActiveCfg = Debug|Any CPU
		{46395F90-2A2A-43EF-B845-90D8F5F1F1BD}.Debug|x86.Build.0 = Debug|Any CPU
		{46395F90-2A2A-43EF-B845-90D8F5F1F1BD}.Release|Any CPU.ActiveCfg = Release|Any CPU
		{46395F90-2A2A-43EF-B845-90D8F5F1F1BD}.Release|Any CPU.Build.0 = Release|Any CPU
		{46395F90-2A2A-43EF-B845-90D8F5F1F1BD}.Release|x64.ActiveCfg = Release|Any CPU
		{46395F90-2A2A-43EF-B845-90D8F5F1F1BD}.Release|x64.Build.0 = Release|Any CPU
		{46395F90-2A2A-43EF-B845-90D8F5F1F1BD}.Release|x86.ActiveCfg = Release|Any CPU
		{46395F90-2A2A-43EF-B845-90D8F5F1F1BD}.Release|x86.Build.0 = Release|Any CPU
		{E8DD65A3-78FC-494A-B512-CD0934303352}.Debug|Any CPU.ActiveCfg = Debug|Any CPU
		{E8DD65A3-78FC-494A-B512-CD0934303352}.Debug|Any CPU.Build.0 = Debug|Any CPU
		{E8DD65A3-78FC-494A-B512-CD0934303352}.Debug|x64.ActiveCfg = Debug|Any CPU
		{E8DD65A3-78FC-494A-B512-CD0934303352}.Debug|x64.Build.0 = Debug|Any CPU
		{E8DD65A3-78FC-494A-B512-CD0934303352}.Debug|x86.ActiveCfg = Debug|Any CPU
		{E8DD65A3-78FC-494A-B512-CD0934303352}.Debug|x86.Build.0 = Debug|Any CPU
		{E8DD65A3-78FC-494A-B512-CD0934303352}.Release|Any CPU.ActiveCfg = Release|Any CPU
		{E8DD65A3-78FC-494A-B512-CD0934303352}.Release|Any CPU.Build.0 = Release|Any CPU
		{E8DD65A3-78FC-494A-B512-CD0934303352}.Release|x64.ActiveCfg = Release|Any CPU
		{E8DD65A3-78FC-494A-B512-CD0934303352}.Release|x64.Build.0 = Release|Any CPU
		{E8DD65A3-78FC-494A-B512-CD0934303352}.Release|x86.ActiveCfg = Release|Any CPU
		{E8DD65A3-78FC-494A-B512-CD0934303352}.Release|x86.Build.0 = Release|Any CPU
		{6A91384C-36B6-4422-95D7-E7F161B7BA93}.Debug|Any CPU.ActiveCfg = Debug|Any CPU
		{6A91384C-36B6-4422-95D7-E7F161B7BA93}.Debug|Any CPU.Build.0 = Debug|Any CPU
		{6A91384C-36B6-4422-95D7-E7F161B7BA93}.Debug|x64.ActiveCfg = Debug|Any CPU
		{6A91384C-36B6-4422-95D7-E7F161B7BA93}.Debug|x64.Build.0 = Debug|Any CPU
		{6A91384C-36B6-4422-95D7-E7F161B7BA93}.Debug|x86.ActiveCfg = Debug|Any CPU
		{6A91384C-36B6-4422-95D7-E7F161B7BA93}.Debug|x86.Build.0 = Debug|Any CPU
		{6A91384C-36B6-4422-95D7-E7F161B7BA93}.Release|Any CPU.ActiveCfg = Release|Any CPU
		{6A91384C-36B6-4422-95D7-E7F161B7BA93}.Release|Any CPU.Build.0 = Release|Any CPU
		{6A91384C-36B6-4422-95D7-E7F161B7BA93}.Release|x64.ActiveCfg = Release|Any CPU
		{6A91384C-36B6-4422-95D7-E7F161B7BA93}.Release|x64.Build.0 = Release|Any CPU
		{6A91384C-36B6-4422-95D7-E7F161B7BA93}.Release|x86.ActiveCfg = Release|Any CPU
		{6A91384C-36B6-4422-95D7-E7F161B7BA93}.Release|x86.Build.0 = Release|Any CPU
		{8D8CBAB0-F4D1-45A2-AE81-70FD087987D9}.Debug|Any CPU.ActiveCfg = Debug|Any CPU
		{8D8CBAB0-F4D1-45A2-AE81-70FD087987D9}.Debug|Any CPU.Build.0 = Debug|Any CPU
		{8D8CBAB0-F4D1-45A2-AE81-70FD087987D9}.Debug|x64.ActiveCfg = Debug|Any CPU
		{8D8CBAB0-F4D1-45A2-AE81-70FD087987D9}.Debug|x64.Build.0 = Debug|Any CPU
		{8D8CBAB0-F4D1-45A2-AE81-70FD087987D9}.Debug|x86.ActiveCfg = Debug|Any CPU
		{8D8CBAB0-F4D1-45A2-AE81-70FD087987D9}.Debug|x86.Build.0 = Debug|Any CPU
		{8D8CBAB0-F4D1-45A2-AE81-70FD087987D9}.Release|Any CPU.ActiveCfg = Release|Any CPU
		{8D8CBAB0-F4D1-45A2-AE81-70FD087987D9}.Release|Any CPU.Build.0 = Release|Any CPU
		{8D8CBAB0-F4D1-45A2-AE81-70FD087987D9}.Release|x64.ActiveCfg = Release|Any CPU
		{8D8CBAB0-F4D1-45A2-AE81-70FD087987D9}.Release|x64.Build.0 = Release|Any CPU
		{8D8CBAB0-F4D1-45A2-AE81-70FD087987D9}.Release|x86.ActiveCfg = Release|Any CPU
		{8D8CBAB0-F4D1-45A2-AE81-70FD087987D9}.Release|x86.Build.0 = Release|Any CPU
		{8E20E791-961C-4BF5-A2AD-4CC27A4C8CB2}.Debug|Any CPU.ActiveCfg = Debug|Any CPU
		{8E20E791-961C-4BF5-A2AD-4CC27A4C8CB2}.Debug|Any CPU.Build.0 = Debug|Any CPU
		{8E20E791-961C-4BF5-A2AD-4CC27A4C8CB2}.Debug|x64.ActiveCfg = Debug|Any CPU
		{8E20E791-961C-4BF5-A2AD-4CC27A4C8CB2}.Debug|x64.Build.0 = Debug|Any CPU
		{8E20E791-961C-4BF5-A2AD-4CC27A4C8CB2}.Debug|x86.ActiveCfg = Debug|Any CPU
		{8E20E791-961C-4BF5-A2AD-4CC27A4C8CB2}.Debug|x86.Build.0 = Debug|Any CPU
		{8E20E791-961C-4BF5-A2AD-4CC27A4C8CB2}.Release|Any CPU.ActiveCfg = Release|Any CPU
		{8E20E791-961C-4BF5-A2AD-4CC27A4C8CB2}.Release|Any CPU.Build.0 = Release|Any CPU
		{8E20E791-961C-4BF5-A2AD-4CC27A4C8CB2}.Release|x64.ActiveCfg = Release|Any CPU
		{8E20E791-961C-4BF5-A2AD-4CC27A4C8CB2}.Release|x64.Build.0 = Release|Any CPU
		{8E20E791-961C-4BF5-A2AD-4CC27A4C8CB2}.Release|x86.ActiveCfg = Release|Any CPU
		{8E20E791-961C-4BF5-A2AD-4CC27A4C8CB2}.Release|x86.Build.0 = Release|Any CPU
		{7AA4F7F7-A424-4D60-B4E9-D3EE249B58AD}.Debug|Any CPU.ActiveCfg = Debug|Any CPU
		{7AA4F7F7-A424-4D60-B4E9-D3EE249B58AD}.Debug|Any CPU.Build.0 = Debug|Any CPU
		{7AA4F7F7-A424-4D60-B4E9-D3EE249B58AD}.Debug|x64.ActiveCfg = Debug|Any CPU
		{7AA4F7F7-A424-4D60-B4E9-D3EE249B58AD}.Debug|x64.Build.0 = Debug|Any CPU
		{7AA4F7F7-A424-4D60-B4E9-D3EE249B58AD}.Debug|x86.ActiveCfg = Debug|Any CPU
		{7AA4F7F7-A424-4D60-B4E9-D3EE249B58AD}.Debug|x86.Build.0 = Debug|Any CPU
		{7AA4F7F7-A424-4D60-B4E9-D3EE249B58AD}.Release|Any CPU.ActiveCfg = Release|Any CPU
		{7AA4F7F7-A424-4D60-B4E9-D3EE249B58AD}.Release|Any CPU.Build.0 = Release|Any CPU
		{7AA4F7F7-A424-4D60-B4E9-D3EE249B58AD}.Release|x64.ActiveCfg = Release|Any CPU
		{7AA4F7F7-A424-4D60-B4E9-D3EE249B58AD}.Release|x64.Build.0 = Release|Any CPU
		{7AA4F7F7-A424-4D60-B4E9-D3EE249B58AD}.Release|x86.ActiveCfg = Release|Any CPU
		{7AA4F7F7-A424-4D60-B4E9-D3EE249B58AD}.Release|x86.Build.0 = Release|Any CPU
		{AD95D01E-1764-4CE2-B2B0-23C09151BF4E}.Debug|Any CPU.ActiveCfg = Debug|x64
		{AD95D01E-1764-4CE2-B2B0-23C09151BF4E}.Debug|Any CPU.Build.0 = Debug|x64
		{AD95D01E-1764-4CE2-B2B0-23C09151BF4E}.Debug|x64.ActiveCfg = Debug|x64
		{AD95D01E-1764-4CE2-B2B0-23C09151BF4E}.Debug|x64.Build.0 = Debug|x64
		{AD95D01E-1764-4CE2-B2B0-23C09151BF4E}.Debug|x86.ActiveCfg = Debug|x64
		{AD95D01E-1764-4CE2-B2B0-23C09151BF4E}.Debug|x86.Build.0 = Debug|x64
		{AD95D01E-1764-4CE2-B2B0-23C09151BF4E}.Release|Any CPU.ActiveCfg = Release|x64
		{AD95D01E-1764-4CE2-B2B0-23C09151BF4E}.Release|Any CPU.Build.0 = Release|x64
		{AD95D01E-1764-4CE2-B2B0-23C09151BF4E}.Release|x64.ActiveCfg = Release|x64
		{AD95D01E-1764-4CE2-B2B0-23C09151BF4E}.Release|x64.Build.0 = Release|x64
		{AD95D01E-1764-4CE2-B2B0-23C09151BF4E}.Release|x86.ActiveCfg = Release|x64
		{AD95D01E-1764-4CE2-B2B0-23C09151BF4E}.Release|x86.Build.0 = Release|x64
	EndGlobalSection
	GlobalSection(SolutionProperties) = preSolution
		HideSolutionNode = FALSE
	EndGlobalSection
	GlobalSection(NestedProjects) = preSolution
		{8D8CBAB0-F4D1-45A2-AE81-70FD087987D9} = {0AB3BF05-4346-4AA6-1389-037BE0695223}
		{8E20E791-961C-4BF5-A2AD-4CC27A4C8CB2} = {0AB3BF05-4346-4AA6-1389-037BE0695223}
		{7AA4F7F7-A424-4D60-B4E9-D3EE249B58AD} = {0AB3BF05-4346-4AA6-1389-037BE0695223}
		{AD95D01E-1764-4CE2-B2B0-23C09151BF4E} = {827E0CD3-B72D-47B6-A68D-7590B98EB39B}
	EndGlobalSection
EndGlobal
